
Microsoft Visual Studio Solution File, Format Version 12.00
# Visual Studio Version 17
VisualStudioVersion = 17.0.31903.59
MinimumVisualStudioVersion = 10.0.40219.1
Project("{FAE04EC0-301F-11D3-BF4B-00C04F79EFBC}") = "API", "API\API.csproj", "{C5084FF8-743B-42BB-885A-9B953DD075A1}"
EndProject
Project("{FAE04EC0-301F-11D3-BF4B-00C04F79EFBC}") = "Application", "Application\Application.csproj", "{BC6EE3D3-EC4D-49BD-9B33-D8EC999E47A2}"
EndProject
Project("{FAE04EC0-301F-11D3-BF4B-00C04F79EFBC}") = "Domain", "Domain\Domain.csproj", "{9D139015-B80E-4C23-A2FB-4C81E0021734}"
EndProject
Project("{FAE04EC0-301F-11D3-BF4B-00C04F79EFBC}") = "Persistence", "Persistence\Persistence.csproj", "{BBF16588-784D-42F5-A9EC-9499AF18D947}"
EndProject
Project("{FAE04EC0-301F-11D3-BF4B-00C04F79EFBC}") = "Infrastructure", "Infrastructure\Infrastructure.csproj", "{1C160C1A-BFB9-4D6C-BEFA-0FA69116772B}"
EndProject
Global
	GlobalSection(SolutionConfigurationPlatforms) = preSolution
		Debug|Any CPU = Debug|Any CPU
		Release|Any CPU = Release|Any CPU
	EndGlobalSection
	GlobalSection(SolutionProperties) = preSolution
		HideSolutionNode = FALSE
	EndGlobalSection
	GlobalSection(ProjectConfigurationPlatforms) = postSolution
		{C5084FF8-743B-42BB-885A-9B953DD075A1}.Debug|Any CPU.ActiveCfg = Debug|Any CPU
		{C5084FF8-743B-42BB-885A-9B953DD075A1}.Debug|Any CPU.Build.0 = Debug|Any CPU
		{C5084FF8-743B-42BB-885A-9B953DD075A1}.Release|Any CPU.ActiveCfg = Release|Any CPU
		{C5084FF8-743B-42BB-885A-9B953DD075A1}.Release|Any CPU.Build.0 = Release|Any CPU
		{BC6EE3D3-EC4D-49BD-9B33-D8EC999E47A2}.Debug|Any CPU.ActiveCfg = Debug|Any CPU
		{BC6EE3D3-EC4D-49BD-9B33-D8EC999E47A2}.Debug|Any CPU.Build.0 = Debug|Any CPU
		{BC6EE3D3-EC4D-49BD-9B33-D8EC999E47A2}.Release|Any CPU.ActiveCfg = Release|Any CPU
		{BC6EE3D3-EC4D-49BD-9B33-D8EC999E47A2}.Release|Any CPU.Build.0 = Release|Any CPU
		{9D139015-B80E-4C23-A2FB-4C81E0021734}.Debug|Any CPU.ActiveCfg = Debug|Any CPU
		{9D139015-B80E-4C23-A2FB-4C81E0021734}.Debug|Any CPU.Build.0 = Debug|Any CPU
		{9D139015-B80E-4C23-A2FB-4C81E0021734}.Release|Any CPU.ActiveCfg = Release|Any CPU
		{9D139015-B80E-4C23-A2FB-4C81E0021734}.Release|Any CPU.Build.0 = Release|Any CPU
		{BBF16588-784D-42F5-A9EC-9499AF18D947}.Debug|Any CPU.ActiveCfg = Debug|Any CPU
		{BBF16588-784D-42F5-A9EC-9499AF18D947}.Debug|Any CPU.Build.0 = Debug|Any CPU
		{BBF16588-784D-42F5-A9EC-9499AF18D947}.Release|Any CPU.ActiveCfg = Release|Any CPU
		{BBF16588-784D-42F5-A9EC-9499AF18D947}.Release|Any CPU.Build.0 = Release|Any CPU
		{1C160C1A-BFB9-4D6C-BEFA-0FA69116772B}.Debug|Any CPU.ActiveCfg = Debug|Any CPU
		{1C160C1A-BFB9-4D6C-BEFA-0FA69116772B}.Debug|Any CPU.Build.0 = Debug|Any CPU
		{1C160C1A-BFB9-4D6C-BEFA-0FA69116772B}.Release|Any CPU.ActiveCfg = Release|Any CPU
		{1C160C1A-BFB9-4D6C-BEFA-0FA69116772B}.Release|Any CPU.Build.0 = Release|Any CPU
	EndGlobalSection
EndGlobal
